
Microsoft Visual Studio Solution File, Format Version 12.00
# Visual Studio Version 17
VisualStudioVersion = 17.6.33723.286
MinimumVisualStudioVersion = 10.0.40219.1
Project("{FAE04EC0-301F-11D3-BF4B-00C04F79EFBC}") = "KPP Pricing Tool", "KPP Pricing Tool.csproj", "{758FCA84-E9CC-475B-BD26-B1F2E831578F}"
EndProject
Global
	GlobalSection(SolutionConfigurationPlatforms) = preSolution
		Debug|Any CPU = Debug|Any CPU
		Release|Any CPU = Release|Any CPU
	EndGlobalSection
	GlobalSection(ProjectConfigurationPlatforms) = postSolution
		{758FCA84-E9CC-475B-BD26-B1F2E831578F}.Debug|Any CPU.ActiveCfg = Debug|Any CPU
		{758FCA84-E9CC-475B-BD26-B1F2E831578F}.Debug|Any CPU.Build.0 = Debug|Any CPU
		{758FCA84-E9CC-475B-BD26-B1F2E831578F}.Release|Any CPU.ActiveCfg = Release|Any CPU
		{758FCA84-E9CC-475B-BD26-B1F2E831578F}.Release|Any CPU.Build.0 = Release|Any CPU
	EndGlobalSection
	GlobalSection(SolutionProperties) = preSolution
		HideSolutionNode = FALSE
	EndGlobalSection
	GlobalSection(ExtensibilityGlobals) = postSolution
		SolutionGuid = {26D6CAAB-008A-4E5C-8DE3-54E8C5C05676}
	EndGlobalSection
EndGlobal
